
Microsoft Visual Studio Solution File, Format Version 12.00
# Visual Studio Version 17
VisualStudioVersion = 17.6.33829.357
MinimumVisualStudioVersion = 10.0.40219.1
Project("{FAE04EC0-301F-11D3-BF4B-00C04F79EFBC}") = "AccountService", "AccountService.csproj", "{E12B3286-C88F-4C73-8A9E-9846EE191698}"
EndProject
Global
	GlobalSection(SolutionConfigurationPlatforms) = preSolution
		Debug|Any CPU = Debug|Any CPU
		Release|Any CPU = Release|Any CPU
	EndGlobalSection
	GlobalSection(ProjectConfigurationPlatforms) = postSolution
		{E12B3286-C88F-4C73-8A9E-9846EE191698}.Debug|Any CPU.ActiveCfg = Debug|Any CPU
		{E12B3286-C88F-4C73-8A9E-9846EE191698}.Debug|Any CPU.Build.0 = Debug|Any CPU
		{E12B3286-C88F-4C73-8A9E-9846EE191698}.Release|Any CPU.ActiveCfg = Release|Any CPU
		{E12B3286-C88F-4C73-8A9E-9846EE191698}.Release|Any CPU.Build.0 = Release|Any CPU
	EndGlobalSection
	GlobalSection(SolutionProperties) = preSolution
		HideSolutionNode = FALSE
	EndGlobalSection
	GlobalSection(ExtensibilityGlobals) = postSolution
		SolutionGuid = {EC42B379-A616-4E8D-A073-EA0F3474211F}
	EndGlobalSection
EndGlobal
